
Microsoft Visual Studio Solution File, Format Version 12.00
# Visual Studio Version 17
VisualStudioVersion = 17.8.34525.116
MinimumVisualStudioVersion = 10.0.40219.1
Project("{9A19103F-16F7-4668-BE54-9A1E7A4F7556}") = "Inheritance", "OOP-Principles\Inheritance.csproj", "{AF7869DD-CC88-4093-92E9-71C592718005}"
EndProject
Project("{9A19103F-16F7-4668-BE54-9A1E7A4F7556}") = "Abstraction", "Abstraction\Abstraction.csproj", "{263A91D1-F512-47C4-9B42-6F38C99CF0DA}"
EndProject
Project("{9A19103F-16F7-4668-BE54-9A1E7A4F7556}") = "Encapsulation", "Encapsulation\Encapsulation.csproj", "{45909582-CB78-4373-A659-5A1DBABC0F86}"
EndProject
Project("{9A19103F-16F7-4668-BE54-9A1E7A4F7556}") = "Polymorphism", "Polymorphism\Polymorphism.csproj", "{504F328A-6C35-4735-8ED4-62A2E67DEAFD}"
EndProject
Global
	GlobalSection(SolutionConfigurationPlatforms) = preSolution
		Debug|Any CPU = Debug|Any CPU
		Release|Any CPU = Release|Any CPU
	EndGlobalSection
	GlobalSection(ProjectConfigurationPlatforms) = postSolution
		{AF7869DD-CC88-4093-92E9-71C592718005}.Debug|Any CPU.ActiveCfg = Debug|Any CPU
		{AF7869DD-CC88-4093-92E9-71C592718005}.Debug|Any CPU.Build.0 = Debug|Any CPU
		{AF7869DD-CC88-4093-92E9-71C592718005}.Release|Any CPU.ActiveCfg = Release|Any CPU
		{AF7869DD-CC88-4093-92E9-71C592718005}.Release|Any CPU.Build.0 = Release|Any CPU
		{263A91D1-F512-47C4-9B42-6F38C99CF0DA}.Debug|Any CPU.ActiveCfg = Debug|Any CPU
		{263A91D1-F512-47C4-9B42-6F38C99CF0DA}.Debug|Any CPU.Build.0 = Debug|Any CPU
		{263A91D1-F512-47C4-9B42-6F38C99CF0DA}.Release|Any CPU.ActiveCfg = Release|Any CPU
		{263A91D1-F512-47C4-9B42-6F38C99CF0DA}.Release|Any CPU.Build.0 = Release|Any CPU
		{45909582-CB78-4373-A659-5A1DBABC0F86}.Debug|Any CPU.ActiveCfg = Debug|Any CPU
		{45909582-CB78-4373-A659-5A1DBABC0F86}.Debug|Any CPU.Build.0 = Debug|Any CPU
		{45909582-CB78-4373-A659-5A1DBABC0F86}.Release|Any CPU.ActiveCfg = Release|Any CPU
		{45909582-CB78-4373-A659-5A1DBABC0F86}.Release|Any CPU.Build.0 = Release|Any CPU
		{504F328A-6C35-4735-8ED4-62A2E67DEAFD}.Debug|Any CPU.ActiveCfg = Debug|Any CPU
		{504F328A-6C35-4735-8ED4-62A2E67DEAFD}.Debug|Any CPU.Build.0 = Debug|Any CPU
		{504F328A-6C35-4735-8ED4-62A2E67DEAFD}.Release|Any CPU.ActiveCfg = Release|Any CPU
		{504F328A-6C35-4735-8ED4-62A2E67DEAFD}.Release|Any CPU.Build.0 = Release|Any CPU
	EndGlobalSection
	GlobalSection(SolutionProperties) = preSolution
		HideSolutionNode = FALSE
	EndGlobalSection
	GlobalSection(ExtensibilityGlobals) = postSolution
		SolutionGuid = {8ADBFEE9-47AE-4C51-88FD-AC8F7494249A}
	EndGlobalSection
EndGlobal
